
Microsoft Visual Studio Solution File, Format Version 12.00
# Visual Studio 15
Project("{FAE04EC0-301F-11D3-BF4B-00C04F79EFBC}") = "Assembly-CSharp", "Assembly-CSharp.csproj", "{B5417D16-98A8-C045-5E17-432BB89101BC}"
EndProject
Project("{FAE04EC0-301F-11D3-BF4B-00C04F79EFBC}") = "Assembly-CSharp-Editor", "Assembly-CSharp-Editor.csproj", "{7D4E1BE4-FDE7-495E-0262-FB15643A9F8B}"
EndProject
Global
	GlobalSection(SolutionConfigurationPlatforms) = preSolution
		Debug|Any CPU = Debug|Any CPU
		Release|Any CPU = Release|Any CPU
	EndGlobalSection
	GlobalSection(ProjectConfigurationPlatforms) = postSolution
		{B5417D16-98A8-C045-5E17-432BB89101BC}.Debug|Any CPU.ActiveCfg = Debug|Any CPU
		{B5417D16-98A8-C045-5E17-432BB89101BC}.Debug|Any CPU.Build.0 = Debug|Any CPU
		{B5417D16-98A8-C045-5E17-432BB89101BC}.Release|Any CPU.ActiveCfg = Release|Any CPU
		{B5417D16-98A8-C045-5E17-432BB89101BC}.Release|Any CPU.Build.0 = Release|Any CPU
		{7D4E1BE4-FDE7-495E-0262-FB15643A9F8B}.Debug|Any CPU.ActiveCfg = Debug|Any CPU
		{7D4E1BE4-FDE7-495E-0262-FB15643A9F8B}.Debug|Any CPU.Build.0 = Debug|Any CPU
		{7D4E1BE4-FDE7-495E-0262-FB15643A9F8B}.Release|Any CPU.ActiveCfg = Release|Any CPU
		{7D4E1BE4-FDE7-495E-0262-FB15643A9F8B}.Release|Any CPU.Build.0 = Release|Any CPU
	EndGlobalSection
	GlobalSection(SolutionProperties) = preSolution
		HideSolutionNode = FALSE
	EndGlobalSection
EndGlobal
